// !$*UTF8*$!
{
	archiveVersion = 1;
	classes = {
	};
	objectVersion = 56;
	objects = {

/* Begin PBXBuildFile section */
		235E5D3729DC933F0089FC85 /* LunchVC.swift in Sources */ = {isa = PBXBuildFile; fileRef = 235E5D3629DC933F0089FC85 /* LunchVC.swift */; };
		235E5D3929DC94800089FC85 /* Constants.swift in Sources */ = {isa = PBXBuildFile; fileRef = 235E5D3829DC94800089FC85 /* Constants.swift */; };
		2369A1B229EE89E80019EAC8 /* SensorDetailsVC.swift in Sources */ = {isa = PBXBuildFile; fileRef = 2369A1B129EE89E80019EAC8 /* SensorDetailsVC.swift */; };
		2369A1B729EE8C4D0019EAC8 /* ControlVC.swift in Sources */ = {isa = PBXBuildFile; fileRef = 2369A1B629EE8C4D0019EAC8 /* ControlVC.swift */; };
		2369A1B929EE8C6A0019EAC8 /* SettingsVC.swift in Sources */ = {isa = PBXBuildFile; fileRef = 2369A1B829EE8C6A0019EAC8 /* SettingsVC.swift */; };
		2379915329DC5D63002FDAEA /* AppDelegate.swift in Sources */ = {isa = PBXBuildFile; fileRef = 2379915229DC5D63002FDAEA /* AppDelegate.swift */; };
		2379915529DC5D63002FDAEA /* SceneDelegate.swift in Sources */ = {isa = PBXBuildFile; fileRef = 2379915429DC5D63002FDAEA /* SceneDelegate.swift */; };
		2379915A29DC5D63002FDAEA /* Main.storyboard in Resources */ = {isa = PBXBuildFile; fileRef = 2379915829DC5D63002FDAEA /* Main.storyboard */; };
		2379915C29DC5D66002FDAEA /* Assets.xcassets in Resources */ = {isa = PBXBuildFile; fileRef = 2379915B29DC5D66002FDAEA /* Assets.xcassets */; };
		23A2C8FC29EEA550006E28FD /* InstantiationExtention.swift in Sources */ = {isa = PBXBuildFile; fileRef = 23A2C8FB29EEA550006E28FD /* InstantiationExtention.swift */; };
		23B042B929E374470025999F /* SignUpVC.swift in Sources */ = {isa = PBXBuildFile; fileRef = 23B042B829E374470025999F /* SignUpVC.swift */; };
		23B042BB29E374620025999F /* LogInVC.swift in Sources */ = {isa = PBXBuildFile; fileRef = 23B042BA29E374620025999F /* LogInVC.swift */; };
		23D8B88D29EB070600E0D14A /* HomeVC.swift in Sources */ = {isa = PBXBuildFile; fileRef = 23D8B88C29EB070600E0D14A /* HomeVC.swift */; };
		23F7431729DE3516008EADD4 /* OnBoardingVC.swift in Sources */ = {isa = PBXBuildFile; fileRef = 23F7431629DE3516008EADD4 /* OnBoardingVC.swift */; };
		23F7431929DE386B008EADD4 /* OnBoardingSlides.swift in Sources */ = {isa = PBXBuildFile; fileRef = 23F7431829DE386B008EADD4 /* OnBoardingSlides.swift */; };
		23F7431B29DE3D07008EADD4 /* OnBoardingCollectionViewCell.swift in Sources */ = {isa = PBXBuildFile; fileRef = 23F7431A29DE3D07008EADD4 /* OnBoardingCollectionViewCell.swift */; };
		23FCA7DF29ECE7DB0046E4DA /* SensorsVC.swift in Sources */ = {isa = PBXBuildFile; fileRef = 23FCA7DE29ECE7DB0046E4DA /* SensorsVC.swift */; };
		23FCA7E229ECE9C70046E4DA /* SensorsTableViewCell.swift in Sources */ = {isa = PBXBuildFile; fileRef = 23FCA7E029ECE9C70046E4DA /* SensorsTableViewCell.swift */; };
		23FCA7E329ECE9C70046E4DA /* SensorsTableViewCell.xib in Resources */ = {isa = PBXBuildFile; fileRef = 23FCA7E129ECE9C70046E4DA /* SensorsTableViewCell.xib */; };
		23FCA7E529ECEDA90046E4DA /* Sensors.swift in Sources */ = {isa = PBXBuildFile; fileRef = 23FCA7E429ECEDA90046E4DA /* Sensors.swift */; };
/* End PBXBuildFile section */

/* Begin PBXFileReference section */
		235E5D3629DC933F0089FC85 /* LunchVC.swift */ = {isa = PBXFileReference; lastKnownFileType = sourcecode.swift; path = LunchVC.swift; sourceTree = "<group>"; };
		235E5D3829DC94800089FC85 /* Constants.swift */ = {isa = PBXFileReference; lastKnownFileType = sourcecode.swift; path = Constants.swift; sourceTree = "<group>"; };
		2369A1B129EE89E80019EAC8 /* SensorDetailsVC.swift */ = {isa = PBXFileReference; lastKnownFileType = sourcecode.swift; path = SensorDetailsVC.swift; sourceTree = "<group>"; };
		2369A1B629EE8C4D0019EAC8 /* ControlVC.swift */ = {isa = PBXFileReference; lastKnownFileType = sourcecode.swift; path = ControlVC.swift; sourceTree = "<group>"; };
		2369A1B829EE8C6A0019EAC8 /* SettingsVC.swift */ = {isa = PBXFileReference; lastKnownFileType = sourcecode.swift; path = SettingsVC.swift; sourceTree = "<group>"; };
		2379914F29DC5D63002FDAEA /* Smart Farmer.app */ = {isa = PBXFileReference; explicitFileType = wrapper.application; includeInIndex = 0; path = "Smart Farmer.app"; sourceTree = BUILT_PRODUCTS_DIR; };
		2379915229DC5D63002FDAEA /* AppDelegate.swift */ = {isa = PBXFileReference; lastKnownFileType = sourcecode.swift; path = AppDelegate.swift; sourceTree = "<group>"; };
		2379915429DC5D63002FDAEA /* SceneDelegate.swift */ = {isa = PBXFileReference; lastKnownFileType = sourcecode.swift; path = SceneDelegate.swift; sourceTree = "<group>"; };
		2379915929DC5D63002FDAEA /* Base */ = {isa = PBXFileReference; lastKnownFileType = file.storyboard; name = Base; path = Base.lproj/Main.storyboard; sourceTree = "<group>"; };
		2379915B29DC5D66002FDAEA /* Assets.xcassets */ = {isa = PBXFileReference; lastKnownFileType = folder.assetcatalog; path = Assets.xcassets; sourceTree = "<group>"; };
		2379916029DC5D66002FDAEA /* Info.plist */ = {isa = PBXFileReference; lastKnownFileType = text.plist.xml; path = Info.plist; sourceTree = "<group>"; };
		23A2C8FB29EEA550006E28FD /* InstantiationExtention.swift */ = {isa = PBXFileReference; lastKnownFileType = sourcecode.swift; path = InstantiationExtention.swift; sourceTree = "<group>"; };
		23B042B829E374470025999F /* SignUpVC.swift */ = {isa = PBXFileReference; lastKnownFileType = sourcecode.swift; path = SignUpVC.swift; sourceTree = "<group>"; };
		23B042BA29E374620025999F /* LogInVC.swift */ = {isa = PBXFileReference; lastKnownFileType = sourcecode.swift; path = LogInVC.swift; sourceTree = "<group>"; };
		23D8B88C29EB070600E0D14A /* HomeVC.swift */ = {isa = PBXFileReference; lastKnownFileType = sourcecode.swift; path = HomeVC.swift; sourceTree = "<group>"; };
		23F7431629DE3516008EADD4 /* OnBoardingVC.swift */ = {isa = PBXFileReference; lastKnownFileType = sourcecode.swift; path = OnBoardingVC.swift; sourceTree = "<group>"; };
		23F7431829DE386B008EADD4 /* OnBoardingSlides.swift */ = {isa = PBXFileReference; lastKnownFileType = sourcecode.swift; path = OnBoardingSlides.swift; sourceTree = "<group>"; };
		23F7431A29DE3D07008EADD4 /* OnBoardingCollectionViewCell.swift */ = {isa = PBXFileReference; lastKnownFileType = sourcecode.swift; path = OnBoardingCollectionViewCell.swift; sourceTree = "<group>"; };
		23FCA7DE29ECE7DB0046E4DA /* SensorsVC.swift */ = {isa = PBXFileReference; lastKnownFileType = sourcecode.swift; path = SensorsVC.swift; sourceTree = "<group>"; };
		23FCA7E029ECE9C70046E4DA /* SensorsTableViewCell.swift */ = {isa = PBXFileReference; lastKnownFileType = sourcecode.swift; path = SensorsTableViewCell.swift; sourceTree = "<group>"; };
		23FCA7E129ECE9C70046E4DA /* SensorsTableViewCell.xib */ = {isa = PBXFileReference; lastKnownFileType = file.xib; path = SensorsTableViewCell.xib; sourceTree = "<group>"; };
		23FCA7E429ECEDA90046E4DA /* Sensors.swift */ = {isa = PBXFileReference; lastKnownFileType = sourcecode.swift; path = Sensors.swift; sourceTree = "<group>"; };
/* End PBXFileReference section */

/* Begin PBXFrameworksBuildPhase section */
		2379914C29DC5D63002FDAEA /* Frameworks */ = {
			isa = PBXFrameworksBuildPhase;
			buildActionMask = 2147483647;
			files = (
			);
			runOnlyForDeploymentPostprocessing = 0;
		};
/* End PBXFrameworksBuildPhase section */

/* Begin PBXGroup section */
		236648E629E3412F00A36497 /* OnBoarding */ = {
			isa = PBXGroup;
			children = (
				23F7431629DE3516008EADD4 /* OnBoardingVC.swift */,
				23F7431A29DE3D07008EADD4 /* OnBoardingCollectionViewCell.swift */,
			);
			path = OnBoarding;
			sourceTree = "<group>";
		};
		2369A1B029EE89B00019EAC8 /* Sensors */ = {
			isa = PBXGroup;
			children = (
				23FCA7DE29ECE7DB0046E4DA /* SensorsVC.swift */,
				23FCA7E029ECE9C70046E4DA /* SensorsTableViewCell.swift */,
				2369A1B129EE89E80019EAC8 /* SensorDetailsVC.swift */,
			);
			path = Sensors;
			sourceTree = "<group>";
		};
		2369A1B329EE8BF20019EAC8 /* Control */ = {
			isa = PBXGroup;
			children = (
				2369A1B629EE8C4D0019EAC8 /* ControlVC.swift */,
			);
			path = Control;
			sourceTree = "<group>";
		};
		2369A1B429EE8C0B0019EAC8 /* Settings */ = {
			isa = PBXGroup;
			children = (
				2369A1B829EE8C6A0019EAC8 /* SettingsVC.swift */,
			);
			path = Settings;
			sourceTree = "<group>";
		};
		2369A1B529EE8C2B0019EAC8 /* Home */ = {
			isa = PBXGroup;
			children = (
				23D8B88C29EB070600E0D14A /* HomeVC.swift */,
			);
			path = Home;
			sourceTree = "<group>";
		};
		2379914629DC5D63002FDAEA = {
			isa = PBXGroup;
			children = (
				2379915129DC5D63002FDAEA /* Smart Farmer */,
				2379915029DC5D63002FDAEA /* Products */,
			);
			sourceTree = "<group>";
		};
		2379915029DC5D63002FDAEA /* Products */ = {
			isa = PBXGroup;
			children = (
				2379914F29DC5D63002FDAEA /* Smart Farmer.app */,
			);
			name = Products;
			sourceTree = "<group>";
		};
		2379915129DC5D63002FDAEA /* Smart Farmer */ = {
			isa = PBXGroup;
			children = (
				2379916629DC5DC1002FDAEA /* Support */,
				23A2C8FA29EEA532006E28FD /* Extensions */,
				2379916729DC5DD8002FDAEA /* Model */,
				2379916829DC5DE1002FDAEA /* View */,
				2379916929DC5DE8002FDAEA /* Controller */,
				2379915B29DC5D66002FDAEA /* Assets.xcassets */,
				2379916029DC5D66002FDAEA /* Info.plist */,
			);
			path = "Smart Farmer";
			sourceTree = "<group>";
		};
		2379916629DC5DC1002FDAEA /* Support */ = {
			isa = PBXGroup;
			children = (
				2379915429DC5D63002FDAEA /* SceneDelegate.swift */,
				2379915229DC5D63002FDAEA /* AppDelegate.swift */,
				235E5D3829DC94800089FC85 /* Constants.swift */,
			);
			path = Support;
			sourceTree = "<group>";
		};
		2379916729DC5DD8002FDAEA /* Model */ = {
			isa = PBXGroup;
			children = (
				23F7431829DE386B008EADD4 /* OnBoardingSlides.swift */,
				23FCA7E429ECEDA90046E4DA /* Sensors.swift */,
			);
			path = Model;
			sourceTree = "<group>";
		};
		2379916829DC5DE1002FDAEA /* View */ = {
			isa = PBXGroup;
			children = (
				2379915829DC5D63002FDAEA /* Main.storyboard */,
				23FCA7E129ECE9C70046E4DA /* SensorsTableViewCell.xib */,
			);
			path = View;
			sourceTree = "<group>";
		};
		2379916929DC5DE8002FDAEA /* Controller */ = {
			isa = PBXGroup;
			children = (
				236648E629E3412F00A36497 /* OnBoarding */,
				235E5D3629DC933F0089FC85 /* LunchVC.swift */,
				23B042B829E374470025999F /* SignUpVC.swift */,
				23B042BA29E374620025999F /* LogInVC.swift */,
				23D8B88B29EADFDA00E0D14A /* Tabs */,
			);
			path = Controller;
			sourceTree = "<group>";
		};
		23A2C8FA29EEA532006E28FD /* Extensions */ = {
			isa = PBXGroup;
			children = (
				23A2C8FB29EEA550006E28FD /* InstantiationExtention.swift */,
			);
			path = Extensions;
			sourceTree = "<group>";
		};
		23D8B88B29EADFDA00E0D14A /* Tabs */ = {
			isa = PBXGroup;
			children = (
				2369A1B529EE8C2B0019EAC8 /* Home */,
				2369A1B329EE8BF20019EAC8 /* Control */,
				2369A1B029EE89B00019EAC8 /* Sensors */,
				2369A1B429EE8C0B0019EAC8 /* Settings */,
			);
			path = Tabs;
			sourceTree = "<group>";
		};
/* End PBXGroup section */

/* Begin PBXNativeTarget section */
		2379914E29DC5D63002FDAEA /* Smart Farmer */ = {
			isa = PBXNativeTarget;
			buildConfigurationList = 2379916329DC5D66002FDAEA /* Build configuration list for PBXNativeTarget "Smart Farmer" */;
			buildPhases = (
				2379914B29DC5D63002FDAEA /* Sources */,
				2379914C29DC5D63002FDAEA /* Frameworks */,
				2379914D29DC5D63002FDAEA /* Resources */,
			);
			buildRules = (
			);
			dependencies = (
			);
			name = "Smart Farmer";
			productName = "Smart Farmer";
			productReference = 2379914F29DC5D63002FDAEA /* Smart Farmer.app */;
			productType = "com.apple.product-type.application";
		};
/* End PBXNativeTarget section */

/* Begin PBXProject section */
		2379914729DC5D63002FDAEA /* Project object */ = {
			isa = PBXProject;
			attributes = {
				BuildIndependentTargetsInParallel = 1;
				LastSwiftUpdateCheck = 1430;
				LastUpgradeCheck = 1430;
				TargetAttributes = {
					2379914E29DC5D63002FDAEA = {
						CreatedOnToolsVersion = 14.3;
					};
				};
			};
			buildConfigurationList = 2379914A29DC5D63002FDAEA /* Build configuration list for PBXProject "Smart Farmer" */;
			compatibilityVersion = "Xcode 14.0";
			developmentRegion = en;
			hasScannedForEncodings = 0;
			knownRegions = (
				en,
				Base,
			);
			mainGroup = 2379914629DC5D63002FDAEA;
			productRefGroup = 2379915029DC5D63002FDAEA /* Products */;
			projectDirPath = "";
			projectRoot = "";
			targets = (
				2379914E29DC5D63002FDAEA /* Smart Farmer */,
			);
		};
/* End PBXProject section */

/* Begin PBXResourcesBuildPhase section */
		2379914D29DC5D63002FDAEA /* Resources */ = {
			isa = PBXResourcesBuildPhase;
			buildActionMask = 2147483647;
			files = (
				2379915C29DC5D66002FDAEA /* Assets.xcassets in Resources */,
				23FCA7E329ECE9C70046E4DA /* SensorsTableViewCell.xib in Resources */,
				2379915A29DC5D63002FDAEA /* Main.storyboard in Resources */,
			);
			runOnlyForDeploymentPostprocessing = 0;
		};
/* End PBXResourcesBuildPhase section */

/* Begin PBXSourcesBuildPhase section */
		2379914B29DC5D63002FDAEA /* Sources */ = {
			isa = PBXSourcesBuildPhase;
			buildActionMask = 2147483647;
			files = (
				23FCA7E529ECEDA90046E4DA /* Sensors.swift in Sources */,
				23B042B929E374470025999F /* SignUpVC.swift in Sources */,
				23D8B88D29EB070600E0D14A /* HomeVC.swift in Sources */,
				23F7431B29DE3D07008EADD4 /* OnBoardingCollectionViewCell.swift in Sources */,
				235E5D3729DC933F0089FC85 /* LunchVC.swift in Sources */,
				2369A1B929EE8C6A0019EAC8 /* SettingsVC.swift in Sources */,
				2379915329DC5D63002FDAEA /* AppDelegate.swift in Sources */,
				23FCA7E229ECE9C70046E4DA /* SensorsTableViewCell.swift in Sources */,
				2379915529DC5D63002FDAEA /* SceneDelegate.swift in Sources */,
				23FCA7DF29ECE7DB0046E4DA /* SensorsVC.swift in Sources */,
				2369A1B729EE8C4D0019EAC8 /* ControlVC.swift in Sources */,
				235E5D3929DC94800089FC85 /* Constants.swift in Sources */,
				23F7431929DE386B008EADD4 /* OnBoardingSlides.swift in Sources */,
				23A2C8FC29EEA550006E28FD /* InstantiationExtention.swift in Sources */,
				2369A1B229EE89E80019EAC8 /* SensorDetailsVC.swift in Sources */,
				23F7431729DE3516008EADD4 /* OnBoardingVC.swift in Sources */,
				23B042BB29E374620025999F /* LogInVC.swift in Sources */,
			);
			runOnlyForDeploymentPostprocessing = 0;
		};
/* End PBXSourcesBuildPhase section */

/* Begin PBXVariantGroup section */
		2379915829DC5D63002FDAEA /* Main.storyboard */ = {
			isa = PBXVariantGroup;
			children = (
				2379915929DC5D63002FDAEA /* Base */,
			);
			name = Main.storyboard;
			sourceTree = "<group>";
		};
/* End PBXVariantGroup section */

/* Begin XCBuildConfiguration section */
		2379916129DC5D66002FDAEA /* Debug */ = {
			isa = XCBuildConfiguration;
			buildSettings = {
				ALWAYS_SEARCH_USER_PATHS = NO;
				CLANG_ANALYZER_NONNULL = YES;
				CLANG_ANALYZER_NUMBER_OBJECT_CONVERSION = YES_AGGRESSIVE;
				CLANG_CXX_LANGUAGE_STANDARD = "gnu++20";
				CLANG_ENABLE_MODULES = YES;
				CLANG_ENABLE_OBJC_ARC = YES;
				CLANG_ENABLE_OBJC_WEAK = YES;
				CLANG_WARN_BLOCK_CAPTURE_AUTORELEASING = YES;
				CLANG_WARN_BOOL_CONVERSION = YES;
				CLANG_WARN_COMMA = YES;
				CLANG_WARN_CONSTANT_CONVERSION = YES;
				CLANG_WARN_DEPRECATED_OBJC_IMPLEMENTATIONS = YES;
				CLANG_WARN_DIRECT_OBJC_ISA_USAGE = YES_ERROR;
				CLANG_WARN_DOCUMENTATION_COMMENTS = YES;
				CLANG_WARN_EMPTY_BODY = YES;
				CLANG_WARN_ENUM_CONVERSION = YES;
				CLANG_WARN_INFINITE_RECURSION = YES;
				CLANG_WARN_INT_CONVERSION = YES;
				CLANG_WARN_NON_LITERAL_NULL_CONVERSION = YES;
				CLANG_WARN_OBJC_IMPLICIT_RETAIN_SELF = YES;
				CLANG_WARN_OBJC_LITERAL_CONVERSION = YES;
				CLANG_WARN_OBJC_ROOT_CLASS = YES_ERROR;
				CLANG_WARN_QUOTED_INCLUDE_IN_FRAMEWORK_HEADER = YES;
				CLANG_WARN_RANGE_LOOP_ANALYSIS = YES;
				CLANG_WARN_STRICT_PROTOTYPES = YES;
				CLANG_WARN_SUSPICIOUS_MOVE = YES;
				CLANG_WARN_UNGUARDED_AVAILABILITY = YES_AGGRESSIVE;
				CLANG_WARN_UNREACHABLE_CODE = YES;
				CLANG_WARN__DUPLICATE_METHOD_MATCH = YES;
				COPY_PHASE_STRIP = NO;
				DEBUG_INFORMATION_FORMAT = dwarf;
				ENABLE_STRICT_OBJC_MSGSEND = YES;
				ENABLE_TESTABILITY = YES;
				GCC_C_LANGUAGE_STANDARD = gnu11;
				GCC_DYNAMIC_NO_PIC = NO;
				GCC_NO_COMMON_BLOCKS = YES;
				GCC_OPTIMIZATION_LEVEL = 0;
				GCC_PREPROCESSOR_DEFINITIONS = (
					"DEBUG=1",
					"$(inherited)",
				);
				GCC_WARN_64_TO_32_BIT_CONVERSION = YES;
				GCC_WARN_ABOUT_RETURN_TYPE = YES_ERROR;
				GCC_WARN_UNDECLARED_SELECTOR = YES;
				GCC_WARN_UNINITIALIZED_AUTOS = YES_AGGRESSIVE;
				GCC_WARN_UNUSED_FUNCTION = YES;
				GCC_WARN_UNUSED_VARIABLE = YES;
				IPHONEOS_DEPLOYMENT_TARGET = 16.4;
				MTL_ENABLE_DEBUG_INFO = INCLUDE_SOURCE;
				MTL_FAST_MATH = YES;
				ONLY_ACTIVE_ARCH = YES;
				SDKROOT = iphoneos;
				SWIFT_ACTIVE_COMPILATION_CONDITIONS = DEBUG;
				SWIFT_OPTIMIZATION_LEVEL = "-Onone";
			};
			name = Debug;
		};
		2379916229DC5D66002FDAEA /* Release */ = {
			isa = XCBuildConfiguration;
			buildSettings = {
				ALWAYS_SEARCH_USER_PATHS = NO;
				CLANG_ANALYZER_NONNULL = YES;
				CLANG_ANALYZER_NUMBER_OBJECT_CONVERSION = YES_AGGRESSIVE;
				CLANG_CXX_LANGUAGE_STANDARD = "gnu++20";
				CLANG_ENABLE_MODULES = YES;
				CLANG_ENABLE_OBJC_ARC = YES;
				CLANG_ENABLE_OBJC_WEAK = YES;
				CLANG_WARN_BLOCK_CAPTURE_AUTORELEASING = YES;
				CLANG_WARN_BOOL_CONVERSION = YES;
				CLANG_WARN_COMMA = YES;
				CLANG_WARN_CONSTANT_CONVERSION = YES;
				CLANG_WARN_DEPRECATED_OBJC_IMPLEMENTATIONS = YES;
				CLANG_WARN_DIRECT_OBJC_ISA_USAGE = YES_ERROR;
				CLANG_WARN_DOCUMENTATION_COMMENTS = YES;
				CLANG_WARN_EMPTY_BODY = YES;
				CLANG_WARN_ENUM_CONVERSION = YES;
				CLANG_WARN_INFINITE_RECURSION = YES;
				CLANG_WARN_INT_CONVERSION = YES;
				CLANG_WARN_NON_LITERAL_NULL_CONVERSION = YES;
				CLANG_WARN_OBJC_IMPLICIT_RETAIN_SELF = YES;
				CLANG_WARN_OBJC_LITERAL_CONVERSION = YES;
				CLANG_WARN_OBJC_ROOT_CLASS = YES_ERROR;
				CLANG_WARN_QUOTED_INCLUDE_IN_FRAMEWORK_HEADER = YES;
				CLANG_WARN_RANGE_LOOP_ANALYSIS = YES;
				CLANG_WARN_STRICT_PROTOTYPES = YES;
				CLANG_WARN_SUSPICIOUS_MOVE = YES;
				CLANG_WARN_UNGUARDED_AVAILABILITY = YES_AGGRESSIVE;
				CLANG_WARN_UNREACHABLE_CODE = YES;
				CLANG_WARN__DUPLICATE_METHOD_MATCH = YES;
				COPY_PHASE_STRIP = NO;
				DEBUG_INFORMATION_FORMAT = "dwarf-with-dsym";
				ENABLE_NS_ASSERTIONS = NO;
				ENABLE_STRICT_OBJC_MSGSEND = YES;
				GCC_C_LANGUAGE_STANDARD = gnu11;
				GCC_NO_COMMON_BLOCKS = YES;
				GCC_WARN_64_TO_32_BIT_CONVERSION = YES;
				GCC_WARN_ABOUT_RETURN_TYPE = YES_ERROR;
				GCC_WARN_UNDECLARED_SELECTOR = YES;
				GCC_WARN_UNINITIALIZED_AUTOS = YES_AGGRESSIVE;
				GCC_WARN_UNUSED_FUNCTION = YES;
				GCC_WARN_UNUSED_VARIABLE = YES;
				IPHONEOS_DEPLOYMENT_TARGET = 16.4;
				MTL_ENABLE_DEBUG_INFO = NO;
				MTL_FAST_MATH = YES;
				SDKROOT = iphoneos;
				SWIFT_COMPILATION_MODE = wholemodule;
				SWIFT_OPTIMIZATION_LEVEL = "-O";
				VALIDATE_PRODUCT = YES;
			};
			name = Release;
		};
		2379916429DC5D66002FDAEA /* Debug */ = {
			isa = XCBuildConfiguration;
			buildSettings = {
				ASSETCATALOG_COMPILER_APPICON_NAME = AppIcon;
				ASSETCATALOG_COMPILER_GLOBAL_ACCENT_COLOR_NAME = AccentColor;
				CODE_SIGN_STYLE = Automatic;
				CURRENT_PROJECT_VERSION = 1;
				DEVELOPMENT_TEAM = 2X4H3LP5A8;
				GENERATE_INFOPLIST_FILE = YES;
				INFOPLIST_FILE = "Smart Farmer/Info.plist";
				INFOPLIST_KEY_UIApplicationSupportsIndirectInputEvents = YES;
				INFOPLIST_KEY_UILaunchStoryboardName = LaunchScreen;
				INFOPLIST_KEY_UIMainStoryboardFile = Main;
				INFOPLIST_KEY_UISupportedInterfaceOrientations_iPad = "UIInterfaceOrientationPortrait UIInterfaceOrientationPortraitUpsideDown UIInterfaceOrientationLandscapeLeft UIInterfaceOrientationLandscapeRight";
				INFOPLIST_KEY_UISupportedInterfaceOrientations_iPhone = "UIInterfaceOrientationPortrait UIInterfaceOrientationLandscapeLeft UIInterfaceOrientationLandscapeRight";
				LD_RUNPATH_SEARCH_PATHS = (
					"$(inherited)",
					"@executable_path/Frameworks",
				);
				MARKETING_VERSION = 1.0;
				PRODUCT_BUNDLE_IDENTIFIER = "ahmedsherif.Smart-Farmer";
				PRODUCT_NAME = "$(TARGET_NAME)";
				SWIFT_EMIT_LOC_STRINGS = YES;
				SWIFT_VERSION = 5.0;
				TARGETED_DEVICE_FAMILY = "1,2";
			};
			name = Debug;
		};
		2379916529DC5D66002FDAEA /* Release */ = {
			isa = XCBuildConfiguration;
			buildSettings = {
				ASSETCATALOG_COMPILER_APPICON_NAME = AppIcon;
				ASSETCATALOG_COMPILER_GLOBAL_ACCENT_COLOR_NAME = AccentColor;
				CODE_SIGN_STYLE = Automatic;
				CURRENT_PROJECT_VERSION = 1;
				DEVELOPMENT_TEAM = 2X4H3LP5A8;
				GENERATE_INFOPLIST_FILE = YES;
				INFOPLIST_FILE = "Smart Farmer/Info.plist";
				INFOPLIST_KEY_UIApplicationSupportsIndirectInputEvents = YES;
				INFOPLIST_KEY_UILaunchStoryboardName = LaunchScreen;
				INFOPLIST_KEY_UIMainStoryboardFile = Main;
				INFOPLIST_KEY_UISupportedInterfaceOrientations_iPad = "UIInterfaceOrientationPortrait UIInterfaceOrientationPortraitUpsideDown UIInterfaceOrientationLandscapeLeft UIInterfaceOrientationLandscapeRight";
				INFOPLIST_KEY_UISupportedInterfaceOrientations_iPhone = "UIInterfaceOrientationPortrait UIInterfaceOrientationLandscapeLeft UIInterfaceOrientationLandscapeRight";
				LD_RUNPATH_SEARCH_PATHS = (
					"$(inherited)",
					"@executable_path/Frameworks",
				);
				MARKETING_VERSION = 1.0;
				PRODUCT_BUNDLE_IDENTIFIER = "ahmedsherif.Smart-Farmer";
				PRODUCT_NAME = "$(TARGET_NAME)";
				SWIFT_EMIT_LOC_STRINGS = YES;
				SWIFT_VERSION = 5.0;
				TARGETED_DEVICE_FAMILY = "1,2";
			};
			name = Release;
		};
/* End XCBuildConfiguration section */

/* Begin XCConfigurationList section */
		2379914A29DC5D63002FDAEA /* Build configuration list for PBXProject "Smart Farmer" */ = {
			isa = XCConfigurationList;
			buildConfigurations = (
				2379916129DC5D66002FDAEA /* Debug */,
				2379916229DC5D66002FDAEA /* Release */,
			);
			defaultConfigurationIsVisible = 0;
			defaultConfigurationName = Release;
		};
		2379916329DC5D66002FDAEA /* Build configuration list for PBXNativeTarget "Smart Farmer" */ = {
			isa = XCConfigurationList;
			buildConfigurations = (
				2379916429DC5D66002FDAEA /* Debug */,
				2379916529DC5D66002FDAEA /* Release */,
			);
			defaultConfigurationIsVisible = 0;
			defaultConfigurationName = Release;
		};
/* End XCConfigurationList section */
	};
	rootObject = 2379914729DC5D63002FDAEA /* Project object */;
}
